
Microsoft Visual Studio Solution File, Format Version 12.00
# Visual Studio Version 17
VisualStudioVersion = 17.11.35327.3
MinimumVisualStudioVersion = 10.0.40219.1
Project("{9A19103F-16F7-4668-BE54-9A1E7A4F7556}") = "ECommercePlatform", "ECommercePlatform.csproj", "{0F0B0EF9-DCEF-4416-AD90-058725DC2F43}"
EndProject
Project("{2150E333-8FDC-42A3-9474-1A3956D46DE8}") = "WebAPI", "WebAPI", "{614291CC-2996-4904-90D6-36DE6905F9A9}"
EndProject
Project("{2150E333-8FDC-42A3-9474-1A3956D46DE8}") = "Infrastructure", "Infrastructure", "{5218CF06-7031-42D7-90C3-309FC446FD06}"
EndProject
Project("{2150E333-8FDC-42A3-9474-1A3956D46DE8}") = "Domain", "Domain", "{FF64B7CA-F4F5-4F4F-BA53-381FABC4675E}"
EndProject
Project("{2150E333-8FDC-42A3-9474-1A3956D46DE8}") = "Application", "Application", "{4E5D9E64-0687-43BE-B35F-703FA1DC904D}"
EndProject
Project("{2150E333-8FDC-42A3-9474-1A3956D46DE8}") = "source", "source", "{B10423B9-0A3B-4964-8501-91326106829F}"
EndProject
Project("{2150E333-8FDC-42A3-9474-1A3956D46DE8}") = "tests", "tests", "{10AA9C98-6B14-4919-A5C0-0AD2268ACC8C}"
EndProject
Project("{FAE04EC0-301F-11D3-BF4B-00C04F79EFBC}") = "Infrastructure", "..\Infrastructure\Infrastructure.csproj", "{AAAC597A-4BFC-4B53-AAFC-5C65470B17C5}"
EndProject
Project("{FAE04EC0-301F-11D3-BF4B-00C04F79EFBC}") = "Domain", "..\Domain\Domain.csproj", "{FB2A92C0-F9EC-470B-862C-BFFAF8479EF1}"
EndProject
Project("{FAE04EC0-301F-11D3-BF4B-00C04F79EFBC}") = "Application", "..\Application\Application.csproj", "{21BBCCDD-2BA8-4EA5-847C-1F8637B006B6}"
EndProject
Project("{2150E333-8FDC-42A3-9474-1A3956D46DE8}") = "UnitTests", "UnitTests", "{A313DE75-9239-4E50-8074-7C8BB9DD9AF2}"
EndProject
Project("{2150E333-8FDC-42A3-9474-1A3956D46DE8}") = "IntegrationTests", "IntegrationTests", "{3230E0CA-2137-4BEA-BBBA-678931813F33}"
EndProject
Project("{FAE04EC0-301F-11D3-BF4B-00C04F79EFBC}") = "ECommercePlatformUnitTests", "..\ECommercePlatformUnitTests\ECommercePlatformUnitTests.csproj", "{78A8AE6D-F426-4AF3-9DB8-B923CD93C2C8}"
EndProject
Project("{FAE04EC0-301F-11D3-BF4B-00C04F79EFBC}") = "ECommercePlatformIntegrationTests", "..\ECommercePlatformIntegrationTests\ECommercePlatformIntegrationTests.csproj", "{43DB9D64-0ED4-4CD3-AD7F-1434D5AD260F}"
EndProject
Global
	GlobalSection(SolutionConfigurationPlatforms) = preSolution
		Debug|Any CPU = Debug|Any CPU
		Release|Any CPU = Release|Any CPU
	EndGlobalSection
	GlobalSection(ProjectConfigurationPlatforms) = postSolution
		{0F0B0EF9-DCEF-4416-AD90-058725DC2F43}.Debug|Any CPU.ActiveCfg = Debug|Any CPU
		{0F0B0EF9-DCEF-4416-AD90-058725DC2F43}.Debug|Any CPU.Build.0 = Debug|Any CPU
		{0F0B0EF9-DCEF-4416-AD90-058725DC2F43}.Release|Any CPU.ActiveCfg = Release|Any CPU
		{0F0B0EF9-DCEF-4416-AD90-058725DC2F43}.Release|Any CPU.Build.0 = Release|Any CPU
		{AAAC597A-4BFC-4B53-AAFC-5C65470B17C5}.Debug|Any CPU.ActiveCfg = Debug|Any CPU
		{AAAC597A-4BFC-4B53-AAFC-5C65470B17C5}.Debug|Any CPU.Build.0 = Debug|Any CPU
		{AAAC597A-4BFC-4B53-AAFC-5C65470B17C5}.Release|Any CPU.ActiveCfg = Release|Any CPU
		{AAAC597A-4BFC-4B53-AAFC-5C65470B17C5}.Release|Any CPU.Build.0 = Release|Any CPU
		{FB2A92C0-F9EC-470B-862C-BFFAF8479EF1}.Debug|Any CPU.ActiveCfg = Debug|Any CPU
		{FB2A92C0-F9EC-470B-862C-BFFAF8479EF1}.Debug|Any CPU.Build.0 = Debug|Any CPU
		{FB2A92C0-F9EC-470B-862C-BFFAF8479EF1}.Release|Any CPU.ActiveCfg = Release|Any CPU
		{FB2A92C0-F9EC-470B-862C-BFFAF8479EF1}.Release|Any CPU.Build.0 = Release|Any CPU
		{21BBCCDD-2BA8-4EA5-847C-1F8637B006B6}.Debug|Any CPU.ActiveCfg = Debug|Any CPU
		{21BBCCDD-2BA8-4EA5-847C-1F8637B006B6}.Debug|Any CPU.Build.0 = Debug|Any CPU
		{21BBCCDD-2BA8-4EA5-847C-1F8637B006B6}.Release|Any CPU.ActiveCfg = Release|Any CPU
		{21BBCCDD-2BA8-4EA5-847C-1F8637B006B6}.Release|Any CPU.Build.0 = Release|Any CPU
		{78A8AE6D-F426-4AF3-9DB8-B923CD93C2C8}.Debug|Any CPU.ActiveCfg = Debug|Any CPU
		{78A8AE6D-F426-4AF3-9DB8-B923CD93C2C8}.Debug|Any CPU.Build.0 = Debug|Any CPU
		{78A8AE6D-F426-4AF3-9DB8-B923CD93C2C8}.Release|Any CPU.ActiveCfg = Release|Any CPU
		{78A8AE6D-F426-4AF3-9DB8-B923CD93C2C8}.Release|Any CPU.Build.0 = Release|Any CPU
		{43DB9D64-0ED4-4CD3-AD7F-1434D5AD260F}.Debug|Any CPU.ActiveCfg = Debug|Any CPU
		{43DB9D64-0ED4-4CD3-AD7F-1434D5AD260F}.Debug|Any CPU.Build.0 = Debug|Any CPU
		{43DB9D64-0ED4-4CD3-AD7F-1434D5AD260F}.Release|Any CPU.ActiveCfg = Release|Any CPU
		{43DB9D64-0ED4-4CD3-AD7F-1434D5AD260F}.Release|Any CPU.Build.0 = Release|Any CPU
	EndGlobalSection
	GlobalSection(SolutionProperties) = preSolution
		HideSolutionNode = FALSE
	EndGlobalSection
	GlobalSection(NestedProjects) = preSolution
		{0F0B0EF9-DCEF-4416-AD90-058725DC2F43} = {614291CC-2996-4904-90D6-36DE6905F9A9}
		{614291CC-2996-4904-90D6-36DE6905F9A9} = {B10423B9-0A3B-4964-8501-91326106829F}
		{5218CF06-7031-42D7-90C3-309FC446FD06} = {B10423B9-0A3B-4964-8501-91326106829F}
		{FF64B7CA-F4F5-4F4F-BA53-381FABC4675E} = {B10423B9-0A3B-4964-8501-91326106829F}
		{4E5D9E64-0687-43BE-B35F-703FA1DC904D} = {B10423B9-0A3B-4964-8501-91326106829F}
		{AAAC597A-4BFC-4B53-AAFC-5C65470B17C5} = {5218CF06-7031-42D7-90C3-309FC446FD06}
		{FB2A92C0-F9EC-470B-862C-BFFAF8479EF1} = {FF64B7CA-F4F5-4F4F-BA53-381FABC4675E}
		{21BBCCDD-2BA8-4EA5-847C-1F8637B006B6} = {4E5D9E64-0687-43BE-B35F-703FA1DC904D}
		{A313DE75-9239-4E50-8074-7C8BB9DD9AF2} = {10AA9C98-6B14-4919-A5C0-0AD2268ACC8C}
		{3230E0CA-2137-4BEA-BBBA-678931813F33} = {10AA9C98-6B14-4919-A5C0-0AD2268ACC8C}
		{78A8AE6D-F426-4AF3-9DB8-B923CD93C2C8} = {A313DE75-9239-4E50-8074-7C8BB9DD9AF2}
		{43DB9D64-0ED4-4CD3-AD7F-1434D5AD260F} = {3230E0CA-2137-4BEA-BBBA-678931813F33}
	EndGlobalSection
	GlobalSection(ExtensibilityGlobals) = postSolution
		SolutionGuid = {E81D84A3-CD65-43C7-BD67-C6C9F763761A}
	EndGlobalSection
EndGlobal
